
Microsoft Visual Studio Solution File, Format Version 12.00
# Visual Studio 15
Project("{FAE04EC0-301F-11D3-BF4B-00C04F79EFBC}") = "UnityEngine.TestRunner", "UnityEngine.TestRunner.csproj", "{D54BC8DD-FBAE-921D-8D41-83119C46C449}"
EndProject
Project("{FAE04EC0-301F-11D3-BF4B-00C04F79EFBC}") = "Unity.Timeline", "Unity.Timeline.csproj", "{06FCC9D2-DA4F-5BFF-9245-B33E1539C621}"
EndProject
Project("{FAE04EC0-301F-11D3-BF4B-00C04F79EFBC}") = "UnityEngine.UI", "UnityEngine.UI.csproj", "{DB19E4B4-9592-1121-CD9B-FF2564B4CA43}"
EndProject
Project("{FAE04EC0-301F-11D3-BF4B-00C04F79EFBC}") = "Unity.TextMeshPro", "Unity.TextMeshPro.csproj", "{B11C5244-6CA6-79A5-7227-731D4FD52DC4}"
EndProject
Project("{FAE04EC0-301F-11D3-BF4B-00C04F79EFBC}") = "Assembly-CSharp", "Assembly-CSharp.csproj", "{1CE236CE-7EF6-F310-9A19-88CB00DB0D58}"
EndProject
Project("{FAE04EC0-301F-11D3-BF4B-00C04F79EFBC}") = "UnityEditor.TestRunner", "UnityEditor.TestRunner.csproj", "{25AD8B62-55FC-8FD5-E438-6295F5FED3A1}"
EndProject
Project("{FAE04EC0-301F-11D3-BF4B-00C04F79EFBC}") = "Unity.PlasticSCM.Editor", "Unity.PlasticSCM.Editor.csproj", "{6FDBCFAD-B41E-7B90-9AE3-A6737804D5C6}"
EndProject
Project("{FAE04EC0-301F-11D3-BF4B-00C04F79EFBC}") = "UnityEditor.UI", "UnityEditor.UI.csproj", "{89305572-CB74-8DC0-0925-2E3C7F7C81A8}"
EndProject
Project("{FAE04EC0-301F-11D3-BF4B-00C04F79EFBC}") = "Unity.Timeline.Editor", "Unity.Timeline.Editor.csproj", "{94DF8A92-D0F2-7052-4D6C-80750E3A020A}"
EndProject
Project("{FAE04EC0-301F-11D3-BF4B-00C04F79EFBC}") = "Unity.VisualStudio.Editor", "Unity.VisualStudio.Editor.csproj", "{F6AFFD0D-23D4-2D56-36C4-5E2B9B1EBD6B}"
EndProject
Project("{FAE04EC0-301F-11D3-BF4B-00C04F79EFBC}") = "Unity.TextMeshPro.Editor", "Unity.TextMeshPro.Editor.csproj", "{ED89400C-6233-79A8-A2E2-D37908A4A196}"
EndProject
Project("{FAE04EC0-301F-11D3-BF4B-00C04F79EFBC}") = "Unity.CollabProxy.Editor", "Unity.CollabProxy.Editor.csproj", "{E56C6B75-38BB-9FE1-A429-E7968766191C}"
EndProject
Project("{FAE04EC0-301F-11D3-BF4B-00C04F79EFBC}") = "Unity.Rider.Editor", "Unity.Rider.Editor.csproj", "{9B627549-739F-9F51-D0A5-FFB226076430}"
EndProject
Project("{FAE04EC0-301F-11D3-BF4B-00C04F79EFBC}") = "Unity.VSCode.Editor", "Unity.VSCode.Editor.csproj", "{AA45A198-FBC5-4650-A9FA-5BC1A0BEA0F0}"
EndProject
Project("{FAE04EC0-301F-11D3-BF4B-00C04F79EFBC}") = "UnityEngine.TestRunner", "UnityEngine.TestRunner.Player.csproj", "{06B25624-09B4-7B01-7B88-E961E5A8F072}"
EndProject
Project("{FAE04EC0-301F-11D3-BF4B-00C04F79EFBC}") = "Unity.Timeline", "Unity.Timeline.Player.csproj", "{736CC898-61B1-F60A-7909-FC2E64927A4D}"
EndProject
Project("{FAE04EC0-301F-11D3-BF4B-00C04F79EFBC}") = "UnityEngine.UI", "UnityEngine.UI.Player.csproj", "{EBE518C0-F791-DE58-6073-DD1580C0ECD9}"
EndProject
Project("{FAE04EC0-301F-11D3-BF4B-00C04F79EFBC}") = "Unity.TextMeshPro", "Unity.TextMeshPro.Player.csproj", "{1B66313C-5F05-0485-8F5A-4DFA766024D2}"
EndProject
Project("{FAE04EC0-301F-11D3-BF4B-00C04F79EFBC}") = "Assembly-CSharp", "Assembly-CSharp.Player.csproj", "{684D200E-BC74-EAF5-C84B-5DD12037420E}"
EndProject
Global
	GlobalSection(SolutionConfigurationPlatforms) = preSolution
		Debug|Any CPU = Debug|Any CPU
		Release|Any CPU = Release|Any CPU
	EndGlobalSection
	GlobalSection(ProjectConfigurationPlatforms) = postSolution
		{D54BC8DD-FBAE-921D-8D41-83119C46C449}.Debug|Any CPU.ActiveCfg = Debug|Any CPU
		{D54BC8DD-FBAE-921D-8D41-83119C46C449}.Debug|Any CPU.Build.0 = Debug|Any CPU
		{D54BC8DD-FBAE-921D-8D41-83119C46C449}.Release|Any CPU.ActiveCfg = Release|Any CPU
		{D54BC8DD-FBAE-921D-8D41-83119C46C449}.Release|Any CPU.Build.0 = Release|Any CPU
		{06FCC9D2-DA4F-5BFF-9245-B33E1539C621}.Debug|Any CPU.ActiveCfg = Debug|Any CPU
		{06FCC9D2-DA4F-5BFF-9245-B33E1539C621}.Debug|Any CPU.Build.0 = Debug|Any CPU
		{06FCC9D2-DA4F-5BFF-9245-B33E1539C621}.Release|Any CPU.ActiveCfg = Release|Any CPU
		{06FCC9D2-DA4F-5BFF-9245-B33E1539C621}.Release|Any CPU.Build.0 = Release|Any CPU
		{DB19E4B4-9592-1121-CD9B-FF2564B4CA43}.Debug|Any CPU.ActiveCfg = Debug|Any CPU
		{DB19E4B4-9592-1121-CD9B-FF2564B4CA43}.Debug|Any CPU.Build.0 = Debug|Any CPU
		{DB19E4B4-9592-1121-CD9B-FF2564B4CA43}.Release|Any CPU.ActiveCfg = Release|Any CPU
		{DB19E4B4-9592-1121-CD9B-FF2564B4CA43}.Release|Any CPU.Build.0 = Release|Any CPU
		{B11C5244-6CA6-79A5-7227-731D4FD52DC4}.Debug|Any CPU.ActiveCfg = Debug|Any CPU
		{B11C5244-6CA6-79A5-7227-731D4FD52DC4}.Debug|Any CPU.Build.0 = Debug|Any CPU
		{B11C5244-6CA6-79A5-7227-731D4FD52DC4}.Release|Any CPU.ActiveCfg = Release|Any CPU
		{B11C5244-6CA6-79A5-7227-731D4FD52DC4}.Release|Any CPU.Build.0 = Release|Any CPU
		{1CE236CE-7EF6-F310-9A19-88CB00DB0D58}.Debug|Any CPU.ActiveCfg = Debug|Any CPU
		{1CE236CE-7EF6-F310-9A19-88CB00DB0D58}.Debug|Any CPU.Build.0 = Debug|Any CPU
		{1CE236CE-7EF6-F310-9A19-88CB00DB0D58}.Release|Any CPU.ActiveCfg = Release|Any CPU
		{1CE236CE-7EF6-F310-9A19-88CB00DB0D58}.Release|Any CPU.Build.0 = Release|Any CPU
		{25AD8B62-55FC-8FD5-E438-6295F5FED3A1}.Debug|Any CPU.ActiveCfg = Debug|Any CPU
		{25AD8B62-55FC-8FD5-E438-6295F5FED3A1}.Debug|Any CPU.Build.0 = Debug|Any CPU
		{25AD8B62-55FC-8FD5-E438-6295F5FED3A1}.Release|Any CPU.ActiveCfg = Release|Any CPU
		{25AD8B62-55FC-8FD5-E438-6295F5FED3A1}.Release|Any CPU.Build.0 = Release|Any CPU
		{6FDBCFAD-B41E-7B90-9AE3-A6737804D5C6}.Debug|Any CPU.ActiveCfg = Debug|Any CPU
		{6FDBCFAD-B41E-7B90-9AE3-A6737804D5C6}.Debug|Any CPU.Build.0 = Debug|Any CPU
		{6FDBCFAD-B41E-7B90-9AE3-A6737804D5C6}.Release|Any CPU.ActiveCfg = Release|Any CPU
		{6FDBCFAD-B41E-7B90-9AE3-A6737804D5C6}.Release|Any CPU.Build.0 = Release|Any CPU
		{89305572-CB74-8DC0-0925-2E3C7F7C81A8}.Debug|Any CPU.ActiveCfg = Debug|Any CPU
		{89305572-CB74-8DC0-0925-2E3C7F7C81A8}.Debug|Any CPU.Build.0 = Debug|Any CPU
		{89305572-CB74-8DC0-0925-2E3C7F7C81A8}.Release|Any CPU.ActiveCfg = Release|Any CPU
		{89305572-CB74-8DC0-0925-2E3C7F7C81A8}.Release|Any CPU.Build.0 = Release|Any CPU
		{94DF8A92-D0F2-7052-4D6C-80750E3A020A}.Debug|Any CPU.ActiveCfg = Debug|Any CPU
		{94DF8A92-D0F2-7052-4D6C-80750E3A020A}.Debug|Any CPU.Build.0 = Debug|Any CPU
		{94DF8A92-D0F2-7052-4D6C-80750E3A020A}.Release|Any CPU.ActiveCfg = Release|Any CPU
		{94DF8A92-D0F2-7052-4D6C-80750E3A020A}.Release|Any CPU.Build.0 = Release|Any CPU
		{F6AFFD0D-23D4-2D56-36C4-5E2B9B1EBD6B}.Debug|Any CPU.ActiveCfg = Debug|Any CPU
		{F6AFFD0D-23D4-2D56-36C4-5E2B9B1EBD6B}.Debug|Any CPU.Build.0 = Debug|Any CPU
		{F6AFFD0D-23D4-2D56-36C4-5E2B9B1EBD6B}.Release|Any CPU.ActiveCfg = Release|Any CPU
		{F6AFFD0D-23D4-2D56-36C4-5E2B9B1EBD6B}.Release|Any CPU.Build.0 = Release|Any CPU
		{ED89400C-6233-79A8-A2E2-D37908A4A196}.Debug|Any CPU.ActiveCfg = Debug|Any CPU
		{ED89400C-6233-79A8-A2E2-D37908A4A196}.Debug|Any CPU.Build.0 = Debug|Any CPU
		{ED89400C-6233-79A8-A2E2-D37908A4A196}.Release|Any CPU.ActiveCfg = Release|Any CPU
		{ED89400C-6233-79A8-A2E2-D37908A4A196}.Release|Any CPU.Build.0 = Release|Any CPU
		{E56C6B75-38BB-9FE1-A429-E7968766191C}.Debug|Any CPU.ActiveCfg = Debug|Any CPU
		{E56C6B75-38BB-9FE1-A429-E7968766191C}.Debug|Any CPU.Build.0 = Debug|Any CPU
		{E56C6B75-38BB-9FE1-A429-E7968766191C}.Release|Any CPU.ActiveCfg = Release|Any CPU
		{E56C6B75-38BB-9FE1-A429-E7968766191C}.Release|Any CPU.Build.0 = Release|Any CPU
		{9B627549-739F-9F51-D0A5-FFB226076430}.Debug|Any CPU.ActiveCfg = Debug|Any CPU
		{9B627549-739F-9F51-D0A5-FFB226076430}.Debug|Any CPU.Build.0 = Debug|Any CPU
		{9B627549-739F-9F51-D0A5-FFB226076430}.Release|Any CPU.ActiveCfg = Release|Any CPU
		{9B627549-739F-9F51-D0A5-FFB226076430}.Release|Any CPU.Build.0 = Release|Any CPU
		{AA45A198-FBC5-4650-A9FA-5BC1A0BEA0F0}.Debug|Any CPU.ActiveCfg = Debug|Any CPU
		{AA45A198-FBC5-4650-A9FA-5BC1A0BEA0F0}.Debug|Any CPU.Build.0 = Debug|Any CPU
		{AA45A198-FBC5-4650-A9FA-5BC1A0BEA0F0}.Release|Any CPU.ActiveCfg = Release|Any CPU
		{AA45A198-FBC5-4650-A9FA-5BC1A0BEA0F0}.Release|Any CPU.Build.0 = Release|Any CPU
		{06B25624-09B4-7B01-7B88-E961E5A8F072}.Debug|Any CPU.ActiveCfg = Debug|Any CPU
		{06B25624-09B4-7B01-7B88-E961E5A8F072}.Debug|Any CPU.Build.0 = Debug|Any CPU
		{06B25624-09B4-7B01-7B88-E961E5A8F072}.Release|Any CPU.ActiveCfg = Release|Any CPU
		{06B25624-09B4-7B01-7B88-E961E5A8F072}.Release|Any CPU.Build.0 = Release|Any CPU
		{736CC898-61B1-F60A-7909-FC2E64927A4D}.Debug|Any CPU.ActiveCfg = Debug|Any CPU
		{736CC898-61B1-F60A-7909-FC2E64927A4D}.Debug|Any CPU.Build.0 = Debug|Any CPU
		{736CC898-61B1-F60A-7909-FC2E64927A4D}.Release|Any CPU.ActiveCfg = Release|Any CPU
		{736CC898-61B1-F60A-7909-FC2E64927A4D}.Release|Any CPU.Build.0 = Release|Any CPU
		{EBE518C0-F791-DE58-6073-DD1580C0ECD9}.Debug|Any CPU.ActiveCfg = Debug|Any CPU
		{EBE518C0-F791-DE58-6073-DD1580C0ECD9}.Debug|Any CPU.Build.0 = Debug|Any CPU
		{EBE518C0-F791-DE58-6073-DD1580C0ECD9}.Release|Any CPU.ActiveCfg = Release|Any CPU
		{EBE518C0-F791-DE58-6073-DD1580C0ECD9}.Release|Any CPU.Build.0 = Release|Any CPU
		{1B66313C-5F05-0485-8F5A-4DFA766024D2}.Debug|Any CPU.ActiveCfg = Debug|Any CPU
		{1B66313C-5F05-0485-8F5A-4DFA766024D2}.Debug|Any CPU.Build.0 = Debug|Any CPU
		{1B66313C-5F05-0485-8F5A-4DFA766024D2}.Release|Any CPU.ActiveCfg = Release|Any CPU
		{1B66313C-5F05-0485-8F5A-4DFA766024D2}.Release|Any CPU.Build.0 = Release|Any CPU
		{684D200E-BC74-EAF5-C84B-5DD12037420E}.Debug|Any CPU.ActiveCfg = Debug|Any CPU
		{684D200E-BC74-EAF5-C84B-5DD12037420E}.Debug|Any CPU.Build.0 = Debug|Any CPU
		{684D200E-BC74-EAF5-C84B-5DD12037420E}.Release|Any CPU.ActiveCfg = Release|Any CPU
		{684D200E-BC74-EAF5-C84B-5DD12037420E}.Release|Any CPU.Build.0 = Release|Any CPU
	EndGlobalSection
	GlobalSection(SolutionProperties) = preSolution
		HideSolutionNode = FALSE
	EndGlobalSection
EndGlobal
